
Microsoft Visual Studio Solution File, Format Version 12.00
# Visual Studio 15
VisualStudioVersion = 15.0.28307.757
MinimumVisualStudioVersion = 10.0.40219.1
Project("{FAE04EC0-301F-11D3-BF4B-00C04F79EFBC}") = "ExamWeek01_MVC", "ExamWeek01_MVC\ExamWeek01_MVC.csproj", "{D6FEE1E8-DAB8-4F92-8BC1-4591E0833D56}"
EndProject
Global
	GlobalSection(SolutionConfigurationPlatforms) = preSolution
		Debug|Any CPU = Debug|Any CPU
		Release|Any CPU = Release|Any CPU
	EndGlobalSection
	GlobalSection(ProjectConfigurationPlatforms) = postSolution
		{D6FEE1E8-DAB8-4F92-8BC1-4591E0833D56}.Debug|Any CPU.ActiveCfg = Debug|Any CPU
		{D6FEE1E8-DAB8-4F92-8BC1-4591E0833D56}.Debug|Any CPU.Build.0 = Debug|Any CPU
		{D6FEE1E8-DAB8-4F92-8BC1-4591E0833D56}.Release|Any CPU.ActiveCfg = Release|Any CPU
		{D6FEE1E8-DAB8-4F92-8BC1-4591E0833D56}.Release|Any CPU.Build.0 = Release|Any CPU
	EndGlobalSection
	GlobalSection(SolutionProperties) = preSolution
		HideSolutionNode = FALSE
	EndGlobalSection
	GlobalSection(ExtensibilityGlobals) = postSolution
		SolutionGuid = {C7A445D4-B20A-4ECD-94C3-E7458C81AFC3}
	EndGlobalSection
EndGlobal
